id: dpd_ILA_LMS_estimator
label: ILA LMS estimator
category: '[DPD]'
templates:
  imports: import dpd
  make: dpd.ILA_LMS_estimator(${gmp}, ${iter_limit}, ${learning_rate}, ${block_size}, ${lamb}, ${coeffs})
parameters:
- id: gmp
  label: GMP poly object
  dtype: raw
- id: coeffs
  label: Initial coefficients
  dtype: complex_vector
  default: (1)
  hide: part
- id: iter_limit
  label: Iter_limit
  dtype: int
  default: 1
- id: learning_rate
  label: Learning rate
  dtype: complex
  default: 0.75
- id: block_size
  label: Block size
  dtype: int
  default: 2000
- id: lamb
  label: Lambda (regularization)
  default: 1e-12
  dtype: float

inputs:
- label: Error in
  domain: stream
  dtype: complex
- label: PA output in
  domain: stream
  dtype: complex
- label: trigger
  domain: message
  optional: 1

outputs:
- label: taps
  domain: message
  id: taps
file_format: 1
